
Microsoft Visual Studio Solution File, Format Version 12.00
# Visual Studio Version 17
VisualStudioVersion = 17.6.33829.357
MinimumVisualStudioVersion = 10.0.40219.1
Project("{FAE04EC0-301F-11D3-BF4B-00C04F79EFBC}") = "Exam", "Exam\Exam.csproj", "{75CEAB59-DE33-4C59-B465-BF4F81196C71}"
EndProject
Global
	GlobalSection(SolutionConfigurationPlatforms) = preSolution
		Debug|Any CPU = Debug|Any CPU
		Release|Any CPU = Release|Any CPU
	EndGlobalSection
	GlobalSection(ProjectConfigurationPlatforms) = postSolution
		{75CEAB59-DE33-4C59-B465-BF4F81196C71}.Debug|Any CPU.ActiveCfg = Debug|Any CPU
		{75CEAB59-DE33-4C59-B465-BF4F81196C71}.Debug|Any CPU.Build.0 = Debug|Any CPU
		{75CEAB59-DE33-4C59-B465-BF4F81196C71}.Release|Any CPU.ActiveCfg = Release|Any CPU
		{75CEAB59-DE33-4C59-B465-BF4F81196C71}.Release|Any CPU.Build.0 = Release|Any CPU
	EndGlobalSection
	GlobalSection(SolutionProperties) = preSolution
		HideSolutionNode = FALSE
	EndGlobalSection
	GlobalSection(ExtensibilityGlobals) = postSolution
		SolutionGuid = {EBBAFF6F-D89D-42B8-A45F-DAE6C5DA2766}
	EndGlobalSection
EndGlobal
